
Microsoft Visual Studio Solution File, Format Version 12.00
# Visual Studio Version 16
VisualStudioVersion = 16.0.32126.315
MinimumVisualStudioVersion = 10.0.40219.1
Project("{FAE04EC0-301F-11D3-BF4B-00C04F79EFBC}") = "ListaZakupow.Android", "ListaZakupow\ListaZakupow.Android\ListaZakupow.Android.csproj", "{CE8F2DAB-3900-42E2-9E1E-8D70297A194F}"
EndProject
Project("{FAE04EC0-301F-11D3-BF4B-00C04F79EFBC}") = "ListaZakupow.iOS", "ListaZakupow\ListaZakupow.iOS\ListaZakupow.iOS.csproj", "{0789A5A6-285F-4F7C-8437-315F5B281409}"
EndProject
Project("{FAE04EC0-301F-11D3-BF4B-00C04F79EFBC}") = "ListaZakupow", "ListaZakupow\ListaZakupow\ListaZakupow.csproj", "{56A7A6E3-2DDE-4AD0-AA24-2BF74AAE5DDB}"
EndProject
Global
	GlobalSection(SolutionConfigurationPlatforms) = preSolution
		Debug|Any CPU = Debug|Any CPU
		Debug|iPhone = Debug|iPhone
		Debug|iPhoneSimulator = Debug|iPhoneSimulator
		Release|Any CPU = Release|Any CPU
		Release|iPhone = Release|iPhone
		Release|iPhoneSimulator = Release|iPhoneSimulator
	EndGlobalSection
	GlobalSection(ProjectConfigurationPlatforms) = postSolution
		{CE8F2DAB-3900-42E2-9E1E-8D70297A194F}.Debug|Any CPU.ActiveCfg = Debug|Any CPU
		{CE8F2DAB-3900-42E2-9E1E-8D70297A194F}.Debug|Any CPU.Build.0 = Debug|Any CPU
		{CE8F2DAB-3900-42E2-9E1E-8D70297A194F}.Debug|Any CPU.Deploy.0 = Debug|Any CPU
		{CE8F2DAB-3900-42E2-9E1E-8D70297A194F}.Debug|iPhone.ActiveCfg = Debug|Any CPU
		{CE8F2DAB-3900-42E2-9E1E-8D70297A194F}.Debug|iPhone.Build.0 = Debug|Any CPU
		{CE8F2DAB-3900-42E2-9E1E-8D70297A194F}.Debug|iPhone.Deploy.0 = Debug|Any CPU
		{CE8F2DAB-3900-42E2-9E1E-8D70297A194F}.Debug|iPhoneSimulator.ActiveCfg = Debug|Any CPU
		{CE8F2DAB-3900-42E2-9E1E-8D70297A194F}.Debug|iPhoneSimulator.Build.0 = Debug|Any CPU
		{CE8F2DAB-3900-42E2-9E1E-8D70297A194F}.Debug|iPhoneSimulator.Deploy.0 = Debug|Any CPU
		{CE8F2DAB-3900-42E2-9E1E-8D70297A194F}.Release|Any CPU.ActiveCfg = Release|Any CPU
		{CE8F2DAB-3900-42E2-9E1E-8D70297A194F}.Release|Any CPU.Build.0 = Release|Any CPU
		{CE8F2DAB-3900-42E2-9E1E-8D70297A194F}.Release|Any CPU.Deploy.0 = Release|Any CPU
		{CE8F2DAB-3900-42E2-9E1E-8D70297A194F}.Release|iPhone.ActiveCfg = Release|Any CPU
		{CE8F2DAB-3900-42E2-9E1E-8D70297A194F}.Release|iPhone.Build.0 = Release|Any CPU
		{CE8F2DAB-3900-42E2-9E1E-8D70297A194F}.Release|iPhone.Deploy.0 = Release|Any CPU
		{CE8F2DAB-3900-42E2-9E1E-8D70297A194F}.Release|iPhoneSimulator.ActiveCfg = Release|Any CPU
		{CE8F2DAB-3900-42E2-9E1E-8D70297A194F}.Release|iPhoneSimulator.Build.0 = Release|Any CPU
		{CE8F2DAB-3900-42E2-9E1E-8D70297A194F}.Release|iPhoneSimulator.Deploy.0 = Release|Any CPU
		{0789A5A6-285F-4F7C-8437-315F5B281409}.Debug|Any CPU.ActiveCfg = Debug|iPhone
		{0789A5A6-285F-4F7C-8437-315F5B281409}.Debug|Any CPU.Build.0 = Debug|iPhone
		{0789A5A6-285F-4F7C-8437-315F5B281409}.Debug|Any CPU.Deploy.0 = Debug|iPhone
		{0789A5A6-285F-4F7C-8437-315F5B281409}.Debug|iPhone.ActiveCfg = Debug|iPhone
		{0789A5A6-285F-4F7C-8437-315F5B281409}.Debug|iPhone.Build.0 = Debug|iPhone
		{0789A5A6-285F-4F7C-8437-315F5B281409}.Debug|iPhone.Deploy.0 = Debug|iPhone
		{0789A5A6-285F-4F7C-8437-315F5B281409}.Debug|iPhoneSimulator.ActiveCfg = Debug|iPhoneSimulator
		{0789A5A6-285F-4F7C-8437-315F5B281409}.Debug|iPhoneSimulator.Build.0 = Debug|iPhoneSimulator
		{0789A5A6-285F-4F7C-8437-315F5B281409}.Debug|iPhoneSimulator.Deploy.0 = Debug|iPhoneSimulator
		{0789A5A6-285F-4F7C-8437-315F5B281409}.Release|Any CPU.ActiveCfg = Release|iPhoneSimulator
		{0789A5A6-285F-4F7C-8437-315F5B281409}.Release|Any CPU.Build.0 = Release|iPhoneSimulator
		{0789A5A6-285F-4F7C-8437-315F5B281409}.Release|Any CPU.Deploy.0 = Release|iPhoneSimulator
		{0789A5A6-285F-4F7C-8437-315F5B281409}.Release|iPhone.ActiveCfg = Release|iPhone
		{0789A5A6-285F-4F7C-8437-315F5B281409}.Release|iPhone.Build.0 = Release|iPhone
		{0789A5A6-285F-4F7C-8437-315F5B281409}.Release|iPhone.Deploy.0 = Release|iPhone
		{0789A5A6-285F-4F7C-8437-315F5B281409}.Release|iPhoneSimulator.ActiveCfg = Release|iPhoneSimulator
		{0789A5A6-285F-4F7C-8437-315F5B281409}.Release|iPhoneSimulator.Build.0 = Release|iPhoneSimulator
		{0789A5A6-285F-4F7C-8437-315F5B281409}.Release|iPhoneSimulator.Deploy.0 = Release|iPhoneSimulator
		{56A7A6E3-2DDE-4AD0-AA24-2BF74AAE5DDB}.Debug|Any CPU.ActiveCfg = Debug|Any CPU
		{56A7A6E3-2DDE-4AD0-AA24-2BF74AAE5DDB}.Debug|Any CPU.Build.0 = Debug|Any CPU
		{56A7A6E3-2DDE-4AD0-AA24-2BF74AAE5DDB}.Debug|Any CPU.Deploy.0 = Debug|Any CPU
		{56A7A6E3-2DDE-4AD0-AA24-2BF74AAE5DDB}.Debug|iPhone.ActiveCfg = Debug|Any CPU
		{56A7A6E3-2DDE-4AD0-AA24-2BF74AAE5DDB}.Debug|iPhone.Build.0 = Debug|Any CPU
		{56A7A6E3-2DDE-4AD0-AA24-2BF74AAE5DDB}.Debug|iPhone.Deploy.0 = Debug|Any CPU
		{56A7A6E3-2DDE-4AD0-AA24-2BF74AAE5DDB}.Debug|iPhoneSimulator.ActiveCfg = Debug|Any CPU
		{56A7A6E3-2DDE-4AD0-AA24-2BF74AAE5DDB}.Debug|iPhoneSimulator.Build.0 = Debug|Any CPU
		{56A7A6E3-2DDE-4AD0-AA24-2BF74AAE5DDB}.Debug|iPhoneSimulator.Deploy.0 = Debug|Any CPU
		{56A7A6E3-2DDE-4AD0-AA24-2BF74AAE5DDB}.Release|Any CPU.ActiveCfg = Release|Any CPU
		{56A7A6E3-2DDE-4AD0-AA24-2BF74AAE5DDB}.Release|Any CPU.Build.0 = Release|Any CPU
		{56A7A6E3-2DDE-4AD0-AA24-2BF74AAE5DDB}.Release|Any CPU.Deploy.0 = Release|Any CPU
		{56A7A6E3-2DDE-4AD0-AA24-2BF74AAE5DDB}.Release|iPhone.ActiveCfg = Release|Any CPU
		{56A7A6E3-2DDE-4AD0-AA24-2BF74AAE5DDB}.Release|iPhone.Build.0 = Release|Any CPU
		{56A7A6E3-2DDE-4AD0-AA24-2BF74AAE5DDB}.Release|iPhone.Deploy.0 = Release|Any CPU
		{56A7A6E3-2DDE-4AD0-AA24-2BF74AAE5DDB}.Release|iPhoneSimulator.ActiveCfg = Release|Any CPU
		{56A7A6E3-2DDE-4AD0-AA24-2BF74AAE5DDB}.Release|iPhoneSimulator.Build.0 = Release|Any CPU
		{56A7A6E3-2DDE-4AD0-AA24-2BF74AAE5DDB}.Release|iPhoneSimulator.Deploy.0 = Release|Any CPU
	EndGlobalSection
	GlobalSection(SolutionProperties) = preSolution
		HideSolutionNode = FALSE
	EndGlobalSection
	GlobalSection(ExtensibilityGlobals) = postSolution
		SolutionGuid = {E5106ECB-AB75-4FCA-801B-E24EC2FB6386}
	EndGlobalSection
EndGlobal
